// !$*UTF8*$!
{
	archiveVersion = 1;
	classes = {
	};
	objectVersion = 46;
	objects = {

/* Begin PBXBuildFile section */
		6DA59B001F4C6C0D0040DE8C /* main.m in Sources */ = {isa = PBXBuildFile; fileRef = 6DA59AFF1F4C6C0D0040DE8C /* main.m */; };
		6DA59B031F4C6C0D0040DE8C /* AppDelegate.m in Sources */ = {isa = PBXBuildFile; fileRef = 6DA59B021F4C6C0D0040DE8C /* AppDelegate.m */; };
		6DA59B061F4C6C0D0040DE8C /* ViewController.m in Sources */ = {isa = PBXBuildFile; fileRef = 6DA59B051F4C6C0D0040DE8C /* ViewController.m */; };
		6DA59B091F4C6C0D0040DE8C /* Main.storyboard in Resources */ = {isa = PBXBuildFile; fileRef = 6DA59B071F4C6C0D0040DE8C /* Main.storyboard */; };
		6DA59B0B1F4C6C0D0040DE8C /* Assets.xcassets in Resources */ = {isa = PBXBuildFile; fileRef = 6DA59B0A1F4C6C0D0040DE8C /* Assets.xcassets */; };
		6DA59B0E1F4C6C0D0040DE8C /* LaunchScreen.storyboard in Resources */ = {isa = PBXBuildFile; fileRef = 6DA59B0C1F4C6C0D0040DE8C /* LaunchScreen.storyboard */; };
		6DA59B171F4C725F0040DE8C /* WASLoginView.m in Sources */ = {isa = PBXBuildFile; fileRef = 6DA59B161F4C725F0040DE8C /* WASLoginView.m */; };
		6DA59B1A1F4C77240040DE8C /* WASSignView.m in Sources */ = {isa = PBXBuildFile; fileRef = 6DA59B191F4C77240040DE8C /* WASSignView.m */; };
/* End PBXBuildFile section */

/* Begin PBXFileReference section */
		6DA59AFB1F4C6C0D0040DE8C /* WASLoginDemo.app */ = {isa = PBXFileReference; explicitFileType = wrapper.application; includeInIndex = 0; path = WASLoginDemo.app; sourceTree = BUILT_PRODUCTS_DIR; };
		6DA59AFF1F4C6C0D0040DE8C /* main.m */ = {isa = PBXFileReference; lastKnownFileType = sourcecode.c.objc; path = main.m; sourceTree = "<group>"; };
		6DA59B011F4C6C0D0040DE8C /* AppDelegate.h */ = {isa = PBXFileReference; lastKnownFileType = sourcecode.c.h; path = AppDelegate.h; sourceTree = "<group>"; };
		6DA59B021F4C6C0D0040DE8C /* AppDelegate.m */ = {isa = PBXFileReference; lastKnownFileType = sourcecode.c.objc; path = AppDelegate.m; sourceTree = "<group>"; };
		6DA59B041F4C6C0D0040DE8C /* ViewController.h */ = {isa = PBXFileReference; lastKnownFileType = sourcecode.c.h; path = ViewController.h; sourceTree = "<group>"; };
		6DA59B051F4C6C0D0040DE8C /* ViewController.m */ = {isa = PBXFileReference; lastKnownFileType = sourcecode.c.objc; path = ViewController.m; sourceTree = "<group>"; };
		6DA59B081F4C6C0D0040DE8C /* Base */ = {isa = PBXFileReference; lastKnownFileType = file.storyboard; name = Base; path = Base.lproj/Main.storyboard; sourceTree = "<group>"; };
		6DA59B0A1F4C6C0D0040DE8C /* Assets.xcassets */ = {isa = PBXFileReference; lastKnownFileType = folder.assetcatalog; path = Assets.xcassets; sourceTree = "<group>"; };
		6DA59B0D1F4C6C0D0040DE8C /* Base */ = {isa = PBXFileReference; lastKnownFileType = file.storyboard; name = Base; path = Base.lproj/LaunchScreen.storyboard; sourceTree = "<group>"; };
		6DA59B0F1F4C6C0D0040DE8C /* Info.plist */ = {isa = PBXFileReference; lastKnownFileType = text.plist.xml; path = Info.plist; sourceTree = "<group>"; };
		6DA59B151F4C725F0040DE8C /* WASLoginView.h */ = {isa = PBXFileReference; fileEncoding = 4; lastKnownFileType = sourcecode.c.h; path = WASLoginView.h; sourceTree = "<group>"; };
		6DA59B161F4C725F0040DE8C /* WASLoginView.m */ = {isa = PBXFileReference; fileEncoding = 4; lastKnownFileType = sourcecode.c.objc; path = WASLoginView.m; sourceTree = "<group>"; };
		6DA59B181F4C77240040DE8C /* WASSignView.h */ = {isa = PBXFileReference; fileEncoding = 4; lastKnownFileType = sourcecode.c.h; path = WASSignView.h; sourceTree = "<group>"; };
		6DA59B191F4C77240040DE8C /* WASSignView.m */ = {isa = PBXFileReference; fileEncoding = 4; lastKnownFileType = sourcecode.c.objc; path = WASSignView.m; sourceTree = "<group>"; };
		6DA59B1B1F4C7A6B0040DE8C /* WASDemo.pch */ = {isa = PBXFileReference; lastKnownFileType = sourcecode.c.h; path = WASDemo.pch; sourceTree = "<group>"; };
/* End PBXFileReference section */

/* Begin PBXFrameworksBuildPhase section */
		6DA59AF81F4C6C0D0040DE8C /* Frameworks */ = {
			isa = PBXFrameworksBuildPhase;
			buildActionMask = 2147483647;
			files = (
			);
			runOnlyForDeploymentPostprocessing = 0;
		};
/* End PBXFrameworksBuildPhase section */

/* Begin PBXGroup section */
		6DA59AF21F4C6C0D0040DE8C = {
			isa = PBXGroup;
			children = (
				6DA59AFD1F4C6C0D0040DE8C /* WASLoginDemo */,
				6DA59AFC1F4C6C0D0040DE8C /* Products */,
			);
			sourceTree = "<group>";
		};
		6DA59AFC1F4C6C0D0040DE8C /* Products */ = {
			isa = PBXGroup;
			children = (
				6DA59AFB1F4C6C0D0040DE8C /* WASLoginDemo.app */,
			);
			name = Products;
			sourceTree = "<group>";
		};
		6DA59AFD1F4C6C0D0040DE8C /* WASLoginDemo */ = {
			isa = PBXGroup;
			children = (
				6DA59B011F4C6C0D0040DE8C /* AppDelegate.h */,
				6DA59B021F4C6C0D0040DE8C /* AppDelegate.m */,
				6DA59B041F4C6C0D0040DE8C /* ViewController.h */,
				6DA59B051F4C6C0D0040DE8C /* ViewController.m */,
				6DA59B071F4C6C0D0040DE8C /* Main.storyboard */,
				6DA59B0A1F4C6C0D0040DE8C /* Assets.xcassets */,
				6DA59B0C1F4C6C0D0040DE8C /* LaunchScreen.storyboard */,
				6DA59B0F1F4C6C0D0040DE8C /* Info.plist */,
				6DA59AFE1F4C6C0D0040DE8C /* Supporting Files */,
				6DA59B151F4C725F0040DE8C /* WASLoginView.h */,
				6DA59B161F4C725F0040DE8C /* WASLoginView.m */,
				6DA59B181F4C77240040DE8C /* WASSignView.h */,
				6DA59B191F4C77240040DE8C /* WASSignView.m */,
				6DA59B1B1F4C7A6B0040DE8C /* WASDemo.pch */,
			);
			path = WASLoginDemo;
			sourceTree = "<group>";
		};
		6DA59AFE1F4C6C0D0040DE8C /* Supporting Files */ = {
			isa = PBXGroup;
			children = (
				6DA59AFF1F4C6C0D0040DE8C /* main.m */,
			);
			name = "Supporting Files";
			sourceTree = "<group>";
		};
/* End PBXGroup section */

/* Begin PBXNativeTarget section */
		6DA59AFA1F4C6C0D0040DE8C /* WASLoginDemo */ = {
			isa = PBXNativeTarget;
			buildConfigurationList = 6DA59B121F4C6C0D0040DE8C /* Build configuration list for PBXNativeTarget "WASLoginDemo" */;
			buildPhases = (
				6DA59AF71F4C6C0D0040DE8C /* Sources */,
				6DA59AF81F4C6C0D0040DE8C /* Frameworks */,
				6DA59AF91F4C6C0D0040DE8C /* Resources */,
			);
			buildRules = (
			);
			dependencies = (
			);
			name = WASLoginDemo;
			productName = WASLoginDemo;
			productReference = 6DA59AFB1F4C6C0D0040DE8C /* WASLoginDemo.app */;
			productType = "com.apple.product-type.application";
		};
/* End PBXNativeTarget section */

/* Begin PBXProject section */
		6DA59AF31F4C6C0D0040DE8C /* Project object */ = {
			isa = PBXProject;
			attributes = {
				CLASSPREFIX = WAS;
				LastUpgradeCheck = 0830;
				ORGANIZATIONNAME = sec;
				TargetAttributes = {
					6DA59AFA1F4C6C0D0040DE8C = {
						CreatedOnToolsVersion = 8.3.3;
						ProvisioningStyle = Automatic;
					};
				};
			};
			buildConfigurationList = 6DA59AF61F4C6C0D0040DE8C /* Build configuration list for PBXProject "WASLoginDemo" */;
			compatibilityVersion = "Xcode 3.2";
			developmentRegion = English;
			hasScannedForEncodings = 0;
			knownRegions = (
				en,
				Base,
			);
			mainGroup = 6DA59AF21F4C6C0D0040DE8C;
			productRefGroup = 6DA59AFC1F4C6C0D0040DE8C /* Products */;
			projectDirPath = "";
			projectRoot = "";
			targets = (
				6DA59AFA1F4C6C0D0040DE8C /* WASLoginDemo */,
			);
		};
/* End PBXProject section */

/* Begin PBXResourcesBuildPhase section */
		6DA59AF91F4C6C0D0040DE8C /* Resources */ = {
			isa = PBXResourcesBuildPhase;
			buildActionMask = 2147483647;
			files = (
				6DA59B0E1F4C6C0D0040DE8C /* LaunchScreen.storyboard in Resources */,
				6DA59B0B1F4C6C0D0040DE8C /* Assets.xcassets in Resources */,
				6DA59B091F4C6C0D0040DE8C /* Main.storyboard in Resources */,
			);
			runOnlyForDeploymentPostprocessing = 0;
		};
/* End PBXResourcesBuildPhase section */

/* Begin PBXSourcesBuildPhase section */
		6DA59AF71F4C6C0D0040DE8C /* Sources */ = {
			isa = PBXSourcesBuildPhase;
			buildActionMask = 2147483647;
			files = (
				6DA59B171F4C725F0040DE8C /* WASLoginView.m in Sources */,
				6DA59B061F4C6C0D0040DE8C /* ViewController.m in Sources */,
				6DA59B031F4C6C0D0040DE8C /* AppDelegate.m in Sources */,
				6DA59B001F4C6C0D0040DE8C /* main.m in Sources */,
				6DA59B1A1F4C77240040DE8C /* WASSignView.m in Sources */,
			);
			runOnlyForDeploymentPostprocessing = 0;
		};
/* End PBXSourcesBuildPhase section */

/* Begin PBXVariantGroup section */
		6DA59B071F4C6C0D0040DE8C /* Main.storyboard */ = {
			isa = PBXVariantGroup;
			children = (
				6DA59B081F4C6C0D0040DE8C /* Base */,
			);
			name = Main.storyboard;
			sourceTree = "<group>";
		};
		6DA59B0C1F4C6C0D0040DE8C /* LaunchScreen.storyboard */ = {
			isa = PBXVariantGroup;
			children = (
				6DA59B0D1F4C6C0D0040DE8C /* Base */,
			);
			name = LaunchScreen.storyboard;
			sourceTree = "<group>";
		};
/* End PBXVariantGroup section */

/* Begin XCBuildConfiguration section */
		6DA59B101F4C6C0D0040DE8C /* Debug */ = {
			isa = XCBuildConfiguration;
			buildSettings = {
				ALWAYS_SEARCH_USER_PATHS = NO;
				CLANG_ANALYZER_NONNULL = YES;
				CLANG_ANALYZER_NUMBER_OBJECT_CONVERSION = YES_AGGRESSIVE;
				CLANG_CXX_LANGUAGE_STANDARD = "gnu++0x";
				CLANG_CXX_LIBRARY = "libc++";
				CLANG_ENABLE_MODULES = YES;
				CLANG_ENABLE_OBJC_ARC = YES;
				CLANG_WARN_BOOL_CONVERSION = YES;
				CLANG_WARN_CONSTANT_CONVERSION = YES;
				CLANG_WARN_DIRECT_OBJC_ISA_USAGE = YES_ERROR;
				CLANG_WARN_DOCUMENTATION_COMMENTS = YES;
				CLANG_WARN_EMPTY_BODY = YES;
				CLANG_WARN_ENUM_CONVERSION = YES;
				CLANG_WARN_INFINITE_RECURSION = YES;
				CLANG_WARN_INT_CONVERSION = YES;
				CLANG_WARN_OBJC_ROOT_CLASS = YES_ERROR;
				CLANG_WARN_SUSPICIOUS_MOVE = YES;
				CLANG_WARN_UNREACHABLE_CODE = YES;
				CLANG_WARN__DUPLICATE_METHOD_MATCH = YES;
				"CODE_SIGN_IDENTITY[sdk=iphoneos*]" = "iPhone Developer";
				COPY_PHASE_STRIP = NO;
				DEBUG_INFORMATION_FORMAT = dwarf;
				ENABLE_STRICT_OBJC_MSGSEND = YES;
				ENABLE_TESTABILITY = YES;
				GCC_C_LANGUAGE_STANDARD = gnu99;
				GCC_DYNAMIC_NO_PIC = NO;
				GCC_NO_COMMON_BLOCKS = YES;
				GCC_OPTIMIZATION_LEVEL = 0;
				GCC_PREPROCESSOR_DEFINITIONS = (
					"DEBUG=1",
					"$(inherited)",
				);
				GCC_WARN_64_TO_32_BIT_CONVERSION = YES;
				GCC_WARN_ABOUT_RETURN_TYPE = YES_ERROR;
				GCC_WARN_UNDECLARED_SELECTOR = YES;
				GCC_WARN_UNINITIALIZED_AUTOS = YES_AGGRESSIVE;
				GCC_WARN_UNUSED_FUNCTION = YES;
				GCC_WARN_UNUSED_VARIABLE = YES;
				IPHONEOS_DEPLOYMENT_TARGET = 10.3;
				MTL_ENABLE_DEBUG_INFO = YES;
				ONLY_ACTIVE_ARCH = YES;
				SDKROOT = iphoneos;
			};
			name = Debug;
		};
		6DA59B111F4C6C0D0040DE8C /* Release */ = {
			isa = XCBuildConfiguration;
			buildSettings = {
				ALWAYS_SEARCH_USER_PATHS = NO;
				CLANG_ANALYZER_NONNULL = YES;
				CLANG_ANALYZER_NUMBER_OBJECT_CONVERSION = YES_AGGRESSIVE;
				CLANG_CXX_LANGUAGE_STANDARD = "gnu++0x";
				CLANG_CXX_LIBRARY = "libc++";
				CLANG_ENABLE_MODULES = YES;
				CLANG_ENABLE_OBJC_ARC = YES;
				CLANG_WARN_BOOL_CONVERSION = YES;
				CLANG_WARN_CONSTANT_CONVERSION = YES;
				CLANG_WARN_DIRECT_OBJC_ISA_USAGE = YES_ERROR;
				CLANG_WARN_DOCUMENTATION_COMMENTS = YES;
				CLANG_WARN_EMPTY_BODY = YES;
				CLANG_WARN_ENUM_CONVERSION = YES;
				CLANG_WARN_INFINITE_RECURSION = YES;
				CLANG_WARN_INT_CONVERSION = YES;
				CLANG_WARN_OBJC_ROOT_CLASS = YES_ERROR;
				CLANG_WARN_SUSPICIOUS_MOVE = YES;
				CLANG_WARN_UNREACHABLE_CODE = YES;
				CLANG_WARN__DUPLICATE_METHOD_MATCH = YES;
				"CODE_SIGN_IDENTITY[sdk=iphoneos*]" = "iPhone Developer";
				COPY_PHASE_STRIP = NO;
				DEBUG_INFORMATION_FORMAT = "dwarf-with-dsym";
				ENABLE_NS_ASSERTIONS = NO;
				ENABLE_STRICT_OBJC_MSGSEND = YES;
				GCC_C_LANGUAGE_STANDARD = gnu99;
				GCC_NO_COMMON_BLOCKS = YES;
				GCC_WARN_64_TO_32_BIT_CONVERSION = YES;
				GCC_WARN_ABOUT_RETURN_TYPE = YES_ERROR;
				GCC_WARN_UNDECLARED_SELECTOR = YES;
				GCC_WARN_UNINITIALIZED_AUTOS = YES_AGGRESSIVE;
				GCC_WARN_UNUSED_FUNCTION = YES;
				GCC_WARN_UNUSED_VARIABLE = YES;
				IPHONEOS_DEPLOYMENT_TARGET = 10.3;
				MTL_ENABLE_DEBUG_INFO = NO;
				SDKROOT = iphoneos;
				VALIDATE_PRODUCT = YES;
			};
			name = Release;
		};
		6DA59B131F4C6C0D0040DE8C /* Debug */ = {
			isa = XCBuildConfiguration;
			buildSettings = {
				ASSETCATALOG_COMPILER_APPICON_NAME = AppIcon;
				GCC_PREFIX_HEADER = WASLoginDemo/WASDemo.pch;
				INFOPLIST_FILE = WASLoginDemo/Info.plist;
				LD_RUNPATH_SEARCH_PATHS = "$(inherited) @executable_path/Frameworks";
				PRODUCT_BUNDLE_IDENTIFIER = cn.sec.WASLoginDemo;
				PRODUCT_NAME = "$(TARGET_NAME)";
			};
			name = Debug;
		};
		6DA59B141F4C6C0D0040DE8C /* Release */ = {
			isa = XCBuildConfiguration;
			buildSettings = {
				ASSETCATALOG_COMPILER_APPICON_NAME = AppIcon;
				GCC_PREFIX_HEADER = WASLoginDemo/WASDemo.pch;
				INFOPLIST_FILE = WASLoginDemo/Info.plist;
				LD_RUNPATH_SEARCH_PATHS = "$(inherited) @executable_path/Frameworks";
				PRODUCT_BUNDLE_IDENTIFIER = cn.sec.WASLoginDemo;
				PRODUCT_NAME = "$(TARGET_NAME)";
			};
			name = Release;
		};
/* End XCBuildConfiguration section */

/* Begin XCConfigurationList section */
		6DA59AF61F4C6C0D0040DE8C /* Build configuration list for PBXProject "WASLoginDemo" */ = {
			isa = XCConfigurationList;
			buildConfigurations = (
				6DA59B101F4C6C0D0040DE8C /* Debug */,
				6DA59B111F4C6C0D0040DE8C /* Release */,
			);
			defaultConfigurationIsVisible = 0;
			defaultConfigurationName = Release;
		};
		6DA59B121F4C6C0D0040DE8C /* Build configuration list for PBXNativeTarget "WASLoginDemo" */ = {
			isa = XCConfigurationList;
			buildConfigurations = (
				6DA59B131F4C6C0D0040DE8C /* Debug */,
				6DA59B141F4C6C0D0040DE8C /* Release */,
			);
			defaultConfigurationIsVisible = 0;
			defaultConfigurationName = Release;
		};
/* End XCConfigurationList section */
	};
	rootObject = 6DA59AF31F4C6C0D0040DE8C /* Project object */;
}
